
Microsoft Visual Studio Solution File, Format Version 10.00
# Visual Studio 2008
Project("{2150E333-8FDC-42A3-9474-1A3956D46DE8}") = "Scripts", "Scripts", "{64E9AF14-7399-46B9-83FC-056FC63E4A1B}"
	ProjectSection(SolutionItems) = preProject
		src\main.js = src\main.js
	EndProjectSection
EndProject
Project("{2150E333-8FDC-42A3-9474-1A3956D46DE8}") = "media", "media", "{B040B1A5-BB41-4312-AE69-180BD2CBB59A}"
EndProject
Project("{2150E333-8FDC-42A3-9474-1A3956D46DE8}") = "html", "html", "{C1CFF6C5-4590-4122-80D8-C99CE38D27F7}"
EndProject
Project("{2150E333-8FDC-42A3-9474-1A3956D46DE8}") = "lib", "lib", "{658473CB-0CD2-4A85-A798-8008BFD5A572}"
EndProject
Project("{2150E333-8FDC-42A3-9474-1A3956D46DE8}") = "scene", "scene", "{130F2035-253A-440C-8614-FFC32DE00015}"
EndProject
Project("{2150E333-8FDC-42A3-9474-1A3956D46DE8}") = "enemy", "enemy", "{64C733CA-008B-4519-852E-B55F41C5DDC7}"
EndProject
Project("{2150E333-8FDC-42A3-9474-1A3956D46DE8}") = "effect", "effect", "{553A1CE4-A28A-448E-90A5-2E726711918D}"
EndProject
Project("{2150E333-8FDC-42A3-9474-1A3956D46DE8}") = "bullet", "bullet", "{3A9C2F15-FD5E-4152-B4E8-AB6BFA0D29D1}"
EndProject
Project("{2150E333-8FDC-42A3-9474-1A3956D46DE8}") = "stage", "stage", "{9D7E00E3-48EB-40E9-86AE-3E6FBDA1D75E}"
EndProject
Global
	GlobalSection(SolutionProperties) = preSolution
		HideSolutionNode = FALSE
	EndGlobalSection
	GlobalSection(NestedProjects) = preSolution
		{130F2035-253A-440C-8614-FFC32DE00015} = {64E9AF14-7399-46B9-83FC-056FC63E4A1B}
		{64C733CA-008B-4519-852E-B55F41C5DDC7} = {64E9AF14-7399-46B9-83FC-056FC63E4A1B}
		{553A1CE4-A28A-448E-90A5-2E726711918D} = {64E9AF14-7399-46B9-83FC-056FC63E4A1B}
		{3A9C2F15-FD5E-4152-B4E8-AB6BFA0D29D1} = {64E9AF14-7399-46B9-83FC-056FC63E4A1B}
		{9D7E00E3-48EB-40E9-86AE-3E6FBDA1D75E} = {64E9AF14-7399-46B9-83FC-056FC63E4A1B}
	EndGlobalSection
EndGlobal
